// !$*UTF8*$!
{
	archiveVersion = 1;
	classes = {
	};
	objectVersion = 55;
	objects = {

/* Begin PBXBuildFile section */
		61B0966B275161170002C84B /* AppDelegate.swift in Sources */ = {isa = PBXBuildFile; fileRef = 61B0966A275161170002C84B /* AppDelegate.swift */; };
		61B0966D275161170002C84B /* SceneDelegate.swift in Sources */ = {isa = PBXBuildFile; fileRef = 61B0966C275161170002C84B /* SceneDelegate.swift */; };
		61B09674275161190002C84B /* Assets.xcassets in Resources */ = {isa = PBXBuildFile; fileRef = 61B09673275161190002C84B /* Assets.xcassets */; };
		61B09677275161190002C84B /* LaunchScreen.storyboard in Resources */ = {isa = PBXBuildFile; fileRef = 61B09675275161190002C84B /* LaunchScreen.storyboard */; };
		61B09680275162950002C84B /* Network.swift in Sources */ = {isa = PBXBuildFile; fileRef = 61B0967F275162950002C84B /* Network.swift */; };
		61B09684275162EE0002C84B /* Router.swift in Sources */ = {isa = PBXBuildFile; fileRef = 61B09683275162EE0002C84B /* Router.swift */; };
		61B096862751630E0002C84B /* RouterProvider.swift in Sources */ = {isa = PBXBuildFile; fileRef = 61B096852751630E0002C84B /* RouterProvider.swift */; };
		61B09688275163190002C84B /* NetworkProvider.swift in Sources */ = {isa = PBXBuildFile; fileRef = 61B09687275163190002C84B /* NetworkProvider.swift */; };
		61B0968B275163330002C84B /* ContentType.swift in Sources */ = {isa = PBXBuildFile; fileRef = 61B0968A275163330002C84B /* ContentType.swift */; };
		61B0968D275163450002C84B /* EndPointType.swift in Sources */ = {isa = PBXBuildFile; fileRef = 61B0968C275163450002C84B /* EndPointType.swift */; };
		61B0968F275163570002C84B /* HTTPMethod.swift in Sources */ = {isa = PBXBuildFile; fileRef = 61B0968E275163570002C84B /* HTTPMethod.swift */; };
		61B09691275163670002C84B /* HTTPTask.swift in Sources */ = {isa = PBXBuildFile; fileRef = 61B09690275163670002C84B /* HTTPTask.swift */; };
		61B09693275163750002C84B /* NetworkLogger.swift in Sources */ = {isa = PBXBuildFile; fileRef = 61B09692275163750002C84B /* NetworkLogger.swift */; };
		61B09696275163C20002C84B /* NetworkEnvironment.swift in Sources */ = {isa = PBXBuildFile; fileRef = 61B09695275163C20002C84B /* NetworkEnvironment.swift */; };
		61B09698275163DF0002C84B /* ParameterEncoding.swift in Sources */ = {isa = PBXBuildFile; fileRef = 61B09697275163DF0002C84B /* ParameterEncoding.swift */; };
		61B0969A275164000002C84B /* JSONParameterEncoder.swift in Sources */ = {isa = PBXBuildFile; fileRef = 61B09699275164000002C84B /* JSONParameterEncoder.swift */; };
		61B0969C275164260002C84B /* URLParameterEncoder.swift in Sources */ = {isa = PBXBuildFile; fileRef = 61B0969B275164260002C84B /* URLParameterEncoder.swift */; };
		61B0969F2751644D0002C84B /* EndPointManager.swift in Sources */ = {isa = PBXBuildFile; fileRef = 61B0969E2751644D0002C84B /* EndPointManager.swift */; };
		61B096A5275165B30002C84B /* Constants.swift in Sources */ = {isa = PBXBuildFile; fileRef = 61B096A4275165B30002C84B /* Constants.swift */; };
		61B096AB275235380002C84B /* BaseBuilder.swift in Sources */ = {isa = PBXBuildFile; fileRef = 61B096AA275235380002C84B /* BaseBuilder.swift */; };
		61B096AD275235420002C84B /* BaseNavigationController.swift in Sources */ = {isa = PBXBuildFile; fileRef = 61B096AC275235420002C84B /* BaseNavigationController.swift */; };
		61B096AF275235510002C84B /* BaseViewController.swift in Sources */ = {isa = PBXBuildFile; fileRef = 61B096AE275235510002C84B /* BaseViewController.swift */; };
		61B096B22752363D0002C84B /* LandingViewController.swift in Sources */ = {isa = PBXBuildFile; fileRef = 61B096B12752363D0002C84B /* LandingViewController.swift */; };
		61B096B4275236430002C84B /* Landing.storyboard in Resources */ = {isa = PBXBuildFile; fileRef = 61B096B3275236430002C84B /* Landing.storyboard */; };
		61B096B62752365C0002C84B /* LandingBuilder.swift in Sources */ = {isa = PBXBuildFile; fileRef = 61B096B52752365C0002C84B /* LandingBuilder.swift */; };
		61B096B82752367A0002C84B /* StoryboardConstants.swift in Sources */ = {isa = PBXBuildFile; fileRef = 61B096B72752367A0002C84B /* StoryboardConstants.swift */; };
		61B096BC275238120002C84B /* LandingViewModel.swift in Sources */ = {isa = PBXBuildFile; fileRef = 61B096BB275238120002C84B /* LandingViewModel.swift */; };
		61B096BE275238BE0002C84B /* LandingContracts.swift in Sources */ = {isa = PBXBuildFile; fileRef = 61B096BD275238BE0002C84B /* LandingContracts.swift */; };
		61B096C127523A430002C84B /* MovieNetwork.swift in Sources */ = {isa = PBXBuildFile; fileRef = 61B096C027523A430002C84B /* MovieNetwork.swift */; };
		61B096C527523ADB0002C84B /* MovieDetailResponse.swift in Sources */ = {isa = PBXBuildFile; fileRef = 61B096C427523ADB0002C84B /* MovieDetailResponse.swift */; };
		61B096C9275242CA0002C84B /* MovieDetailViewController.swift in Sources */ = {isa = PBXBuildFile; fileRef = 61B096C8275242CA0002C84B /* MovieDetailViewController.swift */; };
		61B096CB275242D30002C84B /* MovieDetail.storyboard in Resources */ = {isa = PBXBuildFile; fileRef = 61B096CA275242D30002C84B /* MovieDetail.storyboard */; };
		61B096CD275242DB0002C84B /* MovieDetailContracts.swift in Sources */ = {isa = PBXBuildFile; fileRef = 61B096CC275242DB0002C84B /* MovieDetailContracts.swift */; };
		61B096CF275242E00002C84B /* MovieDetailBuilder.swift in Sources */ = {isa = PBXBuildFile; fileRef = 61B096CE275242E00002C84B /* MovieDetailBuilder.swift */; };
		61B096D1275242E80002C84B /* MovieDetailViewModel.swift in Sources */ = {isa = PBXBuildFile; fileRef = 61B096D0275242E80002C84B /* MovieDetailViewModel.swift */; };
/* End PBXBuildFile section */

/* Begin PBXFileReference section */
		61B09667275161170002C84B /* TheMovieDB.app */ = {isa = PBXFileReference; explicitFileType = wrapper.application; includeInIndex = 0; path = TheMovieDB.app; sourceTree = BUILT_PRODUCTS_DIR; };
		61B0966A275161170002C84B /* AppDelegate.swift */ = {isa = PBXFileReference; lastKnownFileType = sourcecode.swift; path = AppDelegate.swift; sourceTree = "<group>"; };
		61B0966C275161170002C84B /* SceneDelegate.swift */ = {isa = PBXFileReference; lastKnownFileType = sourcecode.swift; path = SceneDelegate.swift; sourceTree = "<group>"; };
		61B09673275161190002C84B /* Assets.xcassets */ = {isa = PBXFileReference; lastKnownFileType = folder.assetcatalog; path = Assets.xcassets; sourceTree = "<group>"; };
		61B09676275161190002C84B /* Base */ = {isa = PBXFileReference; lastKnownFileType = file.storyboard; name = Base; path = Base.lproj/LaunchScreen.storyboard; sourceTree = "<group>"; };
		61B09678275161190002C84B /* Info.plist */ = {isa = PBXFileReference; lastKnownFileType = text.plist.xml; path = Info.plist; sourceTree = "<group>"; };
		61B0967F275162950002C84B /* Network.swift */ = {isa = PBXFileReference; lastKnownFileType = sourcecode.swift; path = Network.swift; sourceTree = "<group>"; };
		61B09683275162EE0002C84B /* Router.swift */ = {isa = PBXFileReference; lastKnownFileType = sourcecode.swift; path = Router.swift; sourceTree = "<group>"; };
		61B096852751630E0002C84B /* RouterProvider.swift */ = {isa = PBXFileReference; lastKnownFileType = sourcecode.swift; path = RouterProvider.swift; sourceTree = "<group>"; };
		61B09687275163190002C84B /* NetworkProvider.swift */ = {isa = PBXFileReference; lastKnownFileType = sourcecode.swift; path = NetworkProvider.swift; sourceTree = "<group>"; };
		61B0968A275163330002C84B /* ContentType.swift */ = {isa = PBXFileReference; lastKnownFileType = sourcecode.swift; path = ContentType.swift; sourceTree = "<group>"; };
		61B0968C275163450002C84B /* EndPointType.swift */ = {isa = PBXFileReference; lastKnownFileType = sourcecode.swift; path = EndPointType.swift; sourceTree = "<group>"; };
		61B0968E275163570002C84B /* HTTPMethod.swift */ = {isa = PBXFileReference; lastKnownFileType = sourcecode.swift; path = HTTPMethod.swift; sourceTree = "<group>"; };
		61B09690275163670002C84B /* HTTPTask.swift */ = {isa = PBXFileReference; lastKnownFileType = sourcecode.swift; path = HTTPTask.swift; sourceTree = "<group>"; };
		61B09692275163750002C84B /* NetworkLogger.swift */ = {isa = PBXFileReference; lastKnownFileType = sourcecode.swift; path = NetworkLogger.swift; sourceTree = "<group>"; };
		61B09695275163C20002C84B /* NetworkEnvironment.swift */ = {isa = PBXFileReference; lastKnownFileType = sourcecode.swift; path = NetworkEnvironment.swift; sourceTree = "<group>"; };
		61B09697275163DF0002C84B /* ParameterEncoding.swift */ = {isa = PBXFileReference; lastKnownFileType = sourcecode.swift; path = ParameterEncoding.swift; sourceTree = "<group>"; };
		61B09699275164000002C84B /* JSONParameterEncoder.swift */ = {isa = PBXFileReference; lastKnownFileType = sourcecode.swift; path = JSONParameterEncoder.swift; sourceTree = "<group>"; };
		61B0969B275164260002C84B /* URLParameterEncoder.swift */ = {isa = PBXFileReference; lastKnownFileType = sourcecode.swift; path = URLParameterEncoder.swift; sourceTree = "<group>"; };
		61B0969E2751644D0002C84B /* EndPointManager.swift */ = {isa = PBXFileReference; lastKnownFileType = sourcecode.swift; path = EndPointManager.swift; sourceTree = "<group>"; };
		61B096A4275165B30002C84B /* Constants.swift */ = {isa = PBXFileReference; lastKnownFileType = sourcecode.swift; path = Constants.swift; sourceTree = "<group>"; };
		61B096AA275235380002C84B /* BaseBuilder.swift */ = {isa = PBXFileReference; lastKnownFileType = sourcecode.swift; path = BaseBuilder.swift; sourceTree = "<group>"; };
		61B096AC275235420002C84B /* BaseNavigationController.swift */ = {isa = PBXFileReference; lastKnownFileType = sourcecode.swift; path = BaseNavigationController.swift; sourceTree = "<group>"; };
		61B096AE275235510002C84B /* BaseViewController.swift */ = {isa = PBXFileReference; lastKnownFileType = sourcecode.swift; path = BaseViewController.swift; sourceTree = "<group>"; };
		61B096B12752363D0002C84B /* LandingViewController.swift */ = {isa = PBXFileReference; lastKnownFileType = sourcecode.swift; path = LandingViewController.swift; sourceTree = "<group>"; };
		61B096B3275236430002C84B /* Landing.storyboard */ = {isa = PBXFileReference; lastKnownFileType = file.storyboard; path = Landing.storyboard; sourceTree = "<group>"; };
		61B096B52752365C0002C84B /* LandingBuilder.swift */ = {isa = PBXFileReference; lastKnownFileType = sourcecode.swift; path = LandingBuilder.swift; sourceTree = "<group>"; };
		61B096B72752367A0002C84B /* StoryboardConstants.swift */ = {isa = PBXFileReference; lastKnownFileType = sourcecode.swift; path = StoryboardConstants.swift; sourceTree = "<group>"; };
		61B096BB275238120002C84B /* LandingViewModel.swift */ = {isa = PBXFileReference; lastKnownFileType = sourcecode.swift; path = LandingViewModel.swift; sourceTree = "<group>"; };
		61B096BD275238BE0002C84B /* LandingContracts.swift */ = {isa = PBXFileReference; lastKnownFileType = sourcecode.swift; path = LandingContracts.swift; sourceTree = "<group>"; };
		61B096C027523A430002C84B /* MovieNetwork.swift */ = {isa = PBXFileReference; lastKnownFileType = sourcecode.swift; path = MovieNetwork.swift; sourceTree = "<group>"; };
		61B096C427523ADB0002C84B /* MovieDetailResponse.swift */ = {isa = PBXFileReference; lastKnownFileType = sourcecode.swift; path = MovieDetailResponse.swift; sourceTree = "<group>"; };
		61B096C8275242CA0002C84B /* MovieDetailViewController.swift */ = {isa = PBXFileReference; lastKnownFileType = sourcecode.swift; path = MovieDetailViewController.swift; sourceTree = "<group>"; };
		61B096CA275242D30002C84B /* MovieDetail.storyboard */ = {isa = PBXFileReference; lastKnownFileType = file.storyboard; path = MovieDetail.storyboard; sourceTree = "<group>"; };
		61B096CC275242DB0002C84B /* MovieDetailContracts.swift */ = {isa = PBXFileReference; lastKnownFileType = sourcecode.swift; path = MovieDetailContracts.swift; sourceTree = "<group>"; };
		61B096CE275242E00002C84B /* MovieDetailBuilder.swift */ = {isa = PBXFileReference; lastKnownFileType = sourcecode.swift; path = MovieDetailBuilder.swift; sourceTree = "<group>"; };
		61B096D0275242E80002C84B /* MovieDetailViewModel.swift */ = {isa = PBXFileReference; lastKnownFileType = sourcecode.swift; path = MovieDetailViewModel.swift; sourceTree = "<group>"; };
/* End PBXFileReference section */

/* Begin PBXFrameworksBuildPhase section */
		61B09664275161170002C84B /* Frameworks */ = {
			isa = PBXFrameworksBuildPhase;
			buildActionMask = 2147483647;
			files = (
			);
			runOnlyForDeploymentPostprocessing = 0;
		};
/* End PBXFrameworksBuildPhase section */

/* Begin PBXGroup section */
		61B0965E275161170002C84B = {
			isa = PBXGroup;
			children = (
				61B09669275161170002C84B /* TheMovieDB */,
				61B09668275161170002C84B /* Products */,
			);
			sourceTree = "<group>";
		};
		61B09668275161170002C84B /* Products */ = {
			isa = PBXGroup;
			children = (
				61B09667275161170002C84B /* TheMovieDB.app */,
			);
			name = Products;
			sourceTree = "<group>";
		};
		61B09669275161170002C84B /* TheMovieDB */ = {
			isa = PBXGroup;
			children = (
				61B0966A275161170002C84B /* AppDelegate.swift */,
				61B0966C275161170002C84B /* SceneDelegate.swift */,
				61B09673275161190002C84B /* Assets.xcassets */,
				61B09678275161190002C84B /* Info.plist */,
				61B09675275161190002C84B /* LaunchScreen.storyboard */,
				61B096A627516C4C0002C84B /* Scenes */,
				61B0967E2751625B0002C84B /* Networking */,
				61B096C227523A710002C84B /* NetworkModels */,
				61B096A0275165960002C84B /* Utilities */,
			);
			path = TheMovieDB;
			sourceTree = "<group>";
		};
		61B0967E2751625B0002C84B /* Networking */ = {
			isa = PBXGroup;
			children = (
				61B096BF27523A360002C84B /* API */,
				61B0969D275164440002C84B /* EndPoint */,
				61B09681275162E00002C84B /* Network */,
				61B09682275162E80002C84B /* Router */,
				61B09689275163290002C84B /* Service */,
				61B09694275163B40002C84B /* Utils */,
			);
			path = Networking;
			sourceTree = "<group>";
		};
		61B09681275162E00002C84B /* Network */ = {
			isa = PBXGroup;
			children = (
				61B0967F275162950002C84B /* Network.swift */,
				61B09687275163190002C84B /* NetworkProvider.swift */,
			);
			path = Network;
			sourceTree = "<group>";
		};
		61B09682275162E80002C84B /* Router */ = {
			isa = PBXGroup;
			children = (
				61B09683275162EE0002C84B /* Router.swift */,
				61B096852751630E0002C84B /* RouterProvider.swift */,
			);
			path = Router;
			sourceTree = "<group>";
		};
		61B09689275163290002C84B /* Service */ = {
			isa = PBXGroup;
			children = (
				61B0968A275163330002C84B /* ContentType.swift */,
				61B0968C275163450002C84B /* EndPointType.swift */,
				61B0968E275163570002C84B /* HTTPMethod.swift */,
				61B09690275163670002C84B /* HTTPTask.swift */,
				61B09692275163750002C84B /* NetworkLogger.swift */,
			);
			path = Service;
			sourceTree = "<group>";
		};
		61B09694275163B40002C84B /* Utils */ = {
			isa = PBXGroup;
			children = (
				61B09699275164000002C84B /* JSONParameterEncoder.swift */,
				61B09695275163C20002C84B /* NetworkEnvironment.swift */,
				61B09697275163DF0002C84B /* ParameterEncoding.swift */,
				61B0969B275164260002C84B /* URLParameterEncoder.swift */,
			);
			path = Utils;
			sourceTree = "<group>";
		};
		61B0969D275164440002C84B /* EndPoint */ = {
			isa = PBXGroup;
			children = (
				61B0969E2751644D0002C84B /* EndPointManager.swift */,
			);
			path = EndPoint;
			sourceTree = "<group>";
		};
		61B096A0275165960002C84B /* Utilities */ = {
			isa = PBXGroup;
			children = (
				61B096A1275165A30002C84B /* Constants */,
			);
			path = Utilities;
			sourceTree = "<group>";
		};
		61B096A1275165A30002C84B /* Constants */ = {
			isa = PBXGroup;
			children = (
				61B096A4275165B30002C84B /* Constants.swift */,
				61B096B72752367A0002C84B /* StoryboardConstants.swift */,
			);
			path = Constants;
			sourceTree = "<group>";
		};
		61B096A627516C4C0002C84B /* Scenes */ = {
			isa = PBXGroup;
			children = (
				61B096A727516C5D0002C84B /* Base */,
				61B096B0275236220002C84B /* Landing */,
				61B096C7275242B20002C84B /* MovieDetail */,
			);
			path = Scenes;
			sourceTree = "<group>";
		};
		61B096A727516C5D0002C84B /* Base */ = {
			isa = PBXGroup;
			children = (
				61B096AA275235380002C84B /* BaseBuilder.swift */,
				61B096AC275235420002C84B /* BaseNavigationController.swift */,
				61B096AE275235510002C84B /* BaseViewController.swift */,
			);
			path = Base;
			sourceTree = "<group>";
		};
		61B096B0275236220002C84B /* Landing */ = {
			isa = PBXGroup;
			children = (
				61B096B3275236430002C84B /* Landing.storyboard */,
				61B096B52752365C0002C84B /* LandingBuilder.swift */,
				61B096BD275238BE0002C84B /* LandingContracts.swift */,
				61B096B12752363D0002C84B /* LandingViewController.swift */,
				61B096BB275238120002C84B /* LandingViewModel.swift */,
			);
			path = Landing;
			sourceTree = "<group>";
		};
		61B096BF27523A360002C84B /* API */ = {
			isa = PBXGroup;
			children = (
				61B096C027523A430002C84B /* MovieNetwork.swift */,
			);
			path = API;
			sourceTree = "<group>";
		};
		61B096C227523A710002C84B /* NetworkModels */ = {
			isa = PBXGroup;
			children = (
				61B096C627523B110002C84B /* Models */,
				61B096C327523A7F0002C84B /* Responses */,
			);
			path = NetworkModels;
			sourceTree = "<group>";
		};
		61B096C327523A7F0002C84B /* Responses */ = {
			isa = PBXGroup;
			children = (
				61B096C427523ADB0002C84B /* MovieDetailResponse.swift */,
			);
			path = Responses;
			sourceTree = "<group>";
		};
		61B096C627523B110002C84B /* Models */ = {
			isa = PBXGroup;
			children = (
			);
			path = Models;
			sourceTree = "<group>";
		};
		61B096C7275242B20002C84B /* MovieDetail */ = {
			isa = PBXGroup;
			children = (
				61B096CA275242D30002C84B /* MovieDetail.storyboard */,
				61B096CE275242E00002C84B /* MovieDetailBuilder.swift */,
				61B096CC275242DB0002C84B /* MovieDetailContracts.swift */,
				61B096C8275242CA0002C84B /* MovieDetailViewController.swift */,
				61B096D0275242E80002C84B /* MovieDetailViewModel.swift */,
			);
			path = MovieDetail;
			sourceTree = "<group>";
		};
/* End PBXGroup section */

/* Begin PBXNativeTarget section */
		61B09666275161170002C84B /* TheMovieDB */ = {
			isa = PBXNativeTarget;
			buildConfigurationList = 61B0967B275161190002C84B /* Build configuration list for PBXNativeTarget "TheMovieDB" */;
			buildPhases = (
				61B09663275161170002C84B /* Sources */,
				61B09664275161170002C84B /* Frameworks */,
				61B09665275161170002C84B /* Resources */,
			);
			buildRules = (
			);
			dependencies = (
			);
			name = TheMovieDB;
			productName = TheMovieDB;
			productReference = 61B09667275161170002C84B /* TheMovieDB.app */;
			productType = "com.apple.product-type.application";
		};
/* End PBXNativeTarget section */

/* Begin PBXProject section */
		61B0965F275161170002C84B /* Project object */ = {
			isa = PBXProject;
			attributes = {
				BuildIndependentTargetsInParallel = 1;
				LastSwiftUpdateCheck = 1310;
				LastUpgradeCheck = 1310;
				TargetAttributes = {
					61B09666275161170002C84B = {
						CreatedOnToolsVersion = 13.1;
					};
				};
			};
			buildConfigurationList = 61B09662275161170002C84B /* Build configuration list for PBXProject "TheMovieDB" */;
			compatibilityVersion = "Xcode 13.0";
			developmentRegion = en;
			hasScannedForEncodings = 0;
			knownRegions = (
				en,
				Base,
			);
			mainGroup = 61B0965E275161170002C84B;
			productRefGroup = 61B09668275161170002C84B /* Products */;
			projectDirPath = "";
			projectRoot = "";
			targets = (
				61B09666275161170002C84B /* TheMovieDB */,
			);
		};
/* End PBXProject section */

/* Begin PBXResourcesBuildPhase section */
		61B09665275161170002C84B /* Resources */ = {
			isa = PBXResourcesBuildPhase;
			buildActionMask = 2147483647;
			files = (
				61B096CB275242D30002C84B /* MovieDetail.storyboard in Resources */,
				61B096B4275236430002C84B /* Landing.storyboard in Resources */,
				61B09677275161190002C84B /* LaunchScreen.storyboard in Resources */,
				61B09674275161190002C84B /* Assets.xcassets in Resources */,
			);
			runOnlyForDeploymentPostprocessing = 0;
		};
/* End PBXResourcesBuildPhase section */

/* Begin PBXSourcesBuildPhase section */
		61B09663275161170002C84B /* Sources */ = {
			isa = PBXSourcesBuildPhase;
			buildActionMask = 2147483647;
			files = (
				61B09698275163DF0002C84B /* ParameterEncoding.swift in Sources */,
				61B096B22752363D0002C84B /* LandingViewController.swift in Sources */,
				61B09693275163750002C84B /* NetworkLogger.swift in Sources */,
				61B09688275163190002C84B /* NetworkProvider.swift in Sources */,
				61B096C9275242CA0002C84B /* MovieDetailViewController.swift in Sources */,
				61B0968B275163330002C84B /* ContentType.swift in Sources */,
				61B096C527523ADB0002C84B /* MovieDetailResponse.swift in Sources */,
				61B0968D275163450002C84B /* EndPointType.swift in Sources */,
				61B096BE275238BE0002C84B /* LandingContracts.swift in Sources */,
				61B096AF275235510002C84B /* BaseViewController.swift in Sources */,
				61B096CD275242DB0002C84B /* MovieDetailContracts.swift in Sources */,
				61B0969A275164000002C84B /* JSONParameterEncoder.swift in Sources */,
				61B0966B275161170002C84B /* AppDelegate.swift in Sources */,
				61B096AD275235420002C84B /* BaseNavigationController.swift in Sources */,
				61B096C127523A430002C84B /* MovieNetwork.swift in Sources */,
				61B096CF275242E00002C84B /* MovieDetailBuilder.swift in Sources */,
				61B0969C275164260002C84B /* URLParameterEncoder.swift in Sources */,
				61B096BC275238120002C84B /* LandingViewModel.swift in Sources */,
				61B09684275162EE0002C84B /* Router.swift in Sources */,
				61B0969F2751644D0002C84B /* EndPointManager.swift in Sources */,
				61B096AB275235380002C84B /* BaseBuilder.swift in Sources */,
				61B096D1275242E80002C84B /* MovieDetailViewModel.swift in Sources */,
				61B096862751630E0002C84B /* RouterProvider.swift in Sources */,
				61B096B62752365C0002C84B /* LandingBuilder.swift in Sources */,
				61B096B82752367A0002C84B /* StoryboardConstants.swift in Sources */,
				61B09691275163670002C84B /* HTTPTask.swift in Sources */,
				61B09680275162950002C84B /* Network.swift in Sources */,
				61B0968F275163570002C84B /* HTTPMethod.swift in Sources */,
				61B0966D275161170002C84B /* SceneDelegate.swift in Sources */,
				61B09696275163C20002C84B /* NetworkEnvironment.swift in Sources */,
				61B096A5275165B30002C84B /* Constants.swift in Sources */,
			);
			runOnlyForDeploymentPostprocessing = 0;
		};
/* End PBXSourcesBuildPhase section */

/* Begin PBXVariantGroup section */
		61B09675275161190002C84B /* LaunchScreen.storyboard */ = {
			isa = PBXVariantGroup;
			children = (
				61B09676275161190002C84B /* Base */,
			);
			name = LaunchScreen.storyboard;
			sourceTree = "<group>";
		};
/* End PBXVariantGroup section */

/* Begin XCBuildConfiguration section */
		61B09679275161190002C84B /* Debug */ = {
			isa = XCBuildConfiguration;
			buildSettings = {
				ALWAYS_SEARCH_USER_PATHS = NO;
				CLANG_ANALYZER_NONNULL = YES;
				CLANG_ANALYZER_NUMBER_OBJECT_CONVERSION = YES_AGGRESSIVE;
				CLANG_CXX_LANGUAGE_STANDARD = "gnu++17";
				CLANG_CXX_LIBRARY = "libc++";
				CLANG_ENABLE_MODULES = YES;
				CLANG_ENABLE_OBJC_ARC = YES;
				CLANG_ENABLE_OBJC_WEAK = YES;
				CLANG_WARN_BLOCK_CAPTURE_AUTORELEASING = YES;
				CLANG_WARN_BOOL_CONVERSION = YES;
				CLANG_WARN_COMMA = YES;
				CLANG_WARN_CONSTANT_CONVERSION = YES;
				CLANG_WARN_DEPRECATED_OBJC_IMPLEMENTATIONS = YES;
				CLANG_WARN_DIRECT_OBJC_ISA_USAGE = YES_ERROR;
				CLANG_WARN_DOCUMENTATION_COMMENTS = YES;
				CLANG_WARN_EMPTY_BODY = YES;
				CLANG_WARN_ENUM_CONVERSION = YES;
				CLANG_WARN_INFINITE_RECURSION = YES;
				CLANG_WARN_INT_CONVERSION = YES;
				CLANG_WARN_NON_LITERAL_NULL_CONVERSION = YES;
				CLANG_WARN_OBJC_IMPLICIT_RETAIN_SELF = YES;
				CLANG_WARN_OBJC_LITERAL_CONVERSION = YES;
				CLANG_WARN_OBJC_ROOT_CLASS = YES_ERROR;
				CLANG_WARN_QUOTED_INCLUDE_IN_FRAMEWORK_HEADER = YES;
				CLANG_WARN_RANGE_LOOP_ANALYSIS = YES;
				CLANG_WARN_STRICT_PROTOTYPES = YES;
				CLANG_WARN_SUSPICIOUS_MOVE = YES;
				CLANG_WARN_UNGUARDED_AVAILABILITY = YES_AGGRESSIVE;
				CLANG_WARN_UNREACHABLE_CODE = YES;
				CLANG_WARN__DUPLICATE_METHOD_MATCH = YES;
				COPY_PHASE_STRIP = NO;
				DEBUG_INFORMATION_FORMAT = dwarf;
				ENABLE_STRICT_OBJC_MSGSEND = YES;
				ENABLE_TESTABILITY = YES;
				GCC_C_LANGUAGE_STANDARD = gnu11;
				GCC_DYNAMIC_NO_PIC = NO;
				GCC_NO_COMMON_BLOCKS = YES;
				GCC_OPTIMIZATION_LEVEL = 0;
				GCC_PREPROCESSOR_DEFINITIONS = (
					"DEBUG=1",
					"$(inherited)",
				);
				GCC_WARN_64_TO_32_BIT_CONVERSION = YES;
				GCC_WARN_ABOUT_RETURN_TYPE = YES_ERROR;
				GCC_WARN_UNDECLARED_SELECTOR = YES;
				GCC_WARN_UNINITIALIZED_AUTOS = YES_AGGRESSIVE;
				GCC_WARN_UNUSED_FUNCTION = YES;
				GCC_WARN_UNUSED_VARIABLE = YES;
				IPHONEOS_DEPLOYMENT_TARGET = 13.0;
				MTL_ENABLE_DEBUG_INFO = INCLUDE_SOURCE;
				MTL_FAST_MATH = YES;
				ONLY_ACTIVE_ARCH = YES;
				SDKROOT = iphoneos;
				SWIFT_ACTIVE_COMPILATION_CONDITIONS = DEBUG;
				SWIFT_OPTIMIZATION_LEVEL = "-Onone";
			};
			name = Debug;
		};
		61B0967A275161190002C84B /* Release */ = {
			isa = XCBuildConfiguration;
			buildSettings = {
				ALWAYS_SEARCH_USER_PATHS = NO;
				CLANG_ANALYZER_NONNULL = YES;
				CLANG_ANALYZER_NUMBER_OBJECT_CONVERSION = YES_AGGRESSIVE;
				CLANG_CXX_LANGUAGE_STANDARD = "gnu++17";
				CLANG_CXX_LIBRARY = "libc++";
				CLANG_ENABLE_MODULES = YES;
				CLANG_ENABLE_OBJC_ARC = YES;
				CLANG_ENABLE_OBJC_WEAK = YES;
				CLANG_WARN_BLOCK_CAPTURE_AUTORELEASING = YES;
				CLANG_WARN_BOOL_CONVERSION = YES;
				CLANG_WARN_COMMA = YES;
				CLANG_WARN_CONSTANT_CONVERSION = YES;
				CLANG_WARN_DEPRECATED_OBJC_IMPLEMENTATIONS = YES;
				CLANG_WARN_DIRECT_OBJC_ISA_USAGE = YES_ERROR;
				CLANG_WARN_DOCUMENTATION_COMMENTS = YES;
				CLANG_WARN_EMPTY_BODY = YES;
				CLANG_WARN_ENUM_CONVERSION = YES;
				CLANG_WARN_INFINITE_RECURSION = YES;
				CLANG_WARN_INT_CONVERSION = YES;
				CLANG_WARN_NON_LITERAL_NULL_CONVERSION = YES;
				CLANG_WARN_OBJC_IMPLICIT_RETAIN_SELF = YES;
				CLANG_WARN_OBJC_LITERAL_CONVERSION = YES;
				CLANG_WARN_OBJC_ROOT_CLASS = YES_ERROR;
				CLANG_WARN_QUOTED_INCLUDE_IN_FRAMEWORK_HEADER = YES;
				CLANG_WARN_RANGE_LOOP_ANALYSIS = YES;
				CLANG_WARN_STRICT_PROTOTYPES = YES;
				CLANG_WARN_SUSPICIOUS_MOVE = YES;
				CLANG_WARN_UNGUARDED_AVAILABILITY = YES_AGGRESSIVE;
				CLANG_WARN_UNREACHABLE_CODE = YES;
				CLANG_WARN__DUPLICATE_METHOD_MATCH = YES;
				COPY_PHASE_STRIP = NO;
				DEBUG_INFORMATION_FORMAT = "dwarf-with-dsym";
				ENABLE_NS_ASSERTIONS = NO;
				ENABLE_STRICT_OBJC_MSGSEND = YES;
				GCC_C_LANGUAGE_STANDARD = gnu11;
				GCC_NO_COMMON_BLOCKS = YES;
				GCC_WARN_64_TO_32_BIT_CONVERSION = YES;
				GCC_WARN_ABOUT_RETURN_TYPE = YES_ERROR;
				GCC_WARN_UNDECLARED_SELECTOR = YES;
				GCC_WARN_UNINITIALIZED_AUTOS = YES_AGGRESSIVE;
				GCC_WARN_UNUSED_FUNCTION = YES;
				GCC_WARN_UNUSED_VARIABLE = YES;
				IPHONEOS_DEPLOYMENT_TARGET = 13.0;
				MTL_ENABLE_DEBUG_INFO = NO;
				MTL_FAST_MATH = YES;
				SDKROOT = iphoneos;
				SWIFT_COMPILATION_MODE = wholemodule;
				SWIFT_OPTIMIZATION_LEVEL = "-O";
				VALIDATE_PRODUCT = YES;
			};
			name = Release;
		};
		61B0967C275161190002C84B /* Debug */ = {
			isa = XCBuildConfiguration;
			buildSettings = {
				ASSETCATALOG_COMPILER_APPICON_NAME = AppIcon;
				ASSETCATALOG_COMPILER_GLOBAL_ACCENT_COLOR_NAME = AccentColor;
				CODE_SIGN_STYLE = Automatic;
				CURRENT_PROJECT_VERSION = 1;
				DEVELOPMENT_TEAM = FMVQWC8BK3;
				GENERATE_INFOPLIST_FILE = YES;
				INFOPLIST_FILE = TheMovieDB/Info.plist;
				INFOPLIST_KEY_UIApplicationSupportsIndirectInputEvents = YES;
				INFOPLIST_KEY_UILaunchStoryboardName = LaunchScreen;
				INFOPLIST_KEY_UIMainStoryboardFile = Landing;
				INFOPLIST_KEY_UISupportedInterfaceOrientations = UIInterfaceOrientationPortrait;
				INFOPLIST_KEY_UISupportedInterfaceOrientations_iPad = "UIInterfaceOrientationPortrait UIInterfaceOrientationPortraitUpsideDown UIInterfaceOrientationLandscapeLeft UIInterfaceOrientationLandscapeRight";
				INFOPLIST_KEY_UISupportedInterfaceOrientations_iPhone = "UIInterfaceOrientationPortrait UIInterfaceOrientationLandscapeLeft UIInterfaceOrientationLandscapeRight";
				IPHONEOS_DEPLOYMENT_TARGET = 13.0;
				LD_RUNPATH_SEARCH_PATHS = (
					"$(inherited)",
					"@executable_path/Frameworks",
				);
				MARKETING_VERSION = 1.0;
				PRODUCT_BUNDLE_IDENTIFIER = com.huseyiniyibas.TheMovieDB;
				PRODUCT_NAME = "$(TARGET_NAME)";
				SWIFT_EMIT_LOC_STRINGS = YES;
				SWIFT_VERSION = 5.0;
				TARGETED_DEVICE_FAMILY = "1,2";
			};
			name = Debug;
		};
		61B0967D275161190002C84B /* Release */ = {
			isa = XCBuildConfiguration;
			buildSettings = {
				ASSETCATALOG_COMPILER_APPICON_NAME = AppIcon;
				ASSETCATALOG_COMPILER_GLOBAL_ACCENT_COLOR_NAME = AccentColor;
				CODE_SIGN_STYLE = Automatic;
				CURRENT_PROJECT_VERSION = 1;
				DEVELOPMENT_TEAM = FMVQWC8BK3;
				GENERATE_INFOPLIST_FILE = YES;
				INFOPLIST_FILE = TheMovieDB/Info.plist;
				INFOPLIST_KEY_UIApplicationSupportsIndirectInputEvents = YES;
				INFOPLIST_KEY_UILaunchStoryboardName = LaunchScreen;
				INFOPLIST_KEY_UIMainStoryboardFile = Landing;
				INFOPLIST_KEY_UISupportedInterfaceOrientations = UIInterfaceOrientationPortrait;
				INFOPLIST_KEY_UISupportedInterfaceOrientations_iPad = "UIInterfaceOrientationPortrait UIInterfaceOrientationPortraitUpsideDown UIInterfaceOrientationLandscapeLeft UIInterfaceOrientationLandscapeRight";
				INFOPLIST_KEY_UISupportedInterfaceOrientations_iPhone = "UIInterfaceOrientationPortrait UIInterfaceOrientationLandscapeLeft UIInterfaceOrientationLandscapeRight";
				IPHONEOS_DEPLOYMENT_TARGET = 13.0;
				LD_RUNPATH_SEARCH_PATHS = (
					"$(inherited)",
					"@executable_path/Frameworks",
				);
				MARKETING_VERSION = 1.0;
				PRODUCT_BUNDLE_IDENTIFIER = com.huseyiniyibas.TheMovieDB;
				PRODUCT_NAME = "$(TARGET_NAME)";
				SWIFT_EMIT_LOC_STRINGS = YES;
				SWIFT_VERSION = 5.0;
				TARGETED_DEVICE_FAMILY = "1,2";
			};
			name = Release;
		};
/* End XCBuildConfiguration section */

/* Begin XCConfigurationList section */
		61B09662275161170002C84B /* Build configuration list for PBXProject "TheMovieDB" */ = {
			isa = XCConfigurationList;
			buildConfigurations = (
				61B09679275161190002C84B /* Debug */,
				61B0967A275161190002C84B /* Release */,
			);
			defaultConfigurationIsVisible = 0;
			defaultConfigurationName = Release;
		};
		61B0967B275161190002C84B /* Build configuration list for PBXNativeTarget "TheMovieDB" */ = {
			isa = XCConfigurationList;
			buildConfigurations = (
				61B0967C275161190002C84B /* Debug */,
				61B0967D275161190002C84B /* Release */,
			);
			defaultConfigurationIsVisible = 0;
			defaultConfigurationName = Release;
		};
/* End XCConfigurationList section */
	};
	rootObject = 61B0965F275161170002C84B /* Project object */;
}
